
Microsoft Visual Studio Solution File, Format Version 12.00
# Visual Studio Version 17
VisualStudioVersion = 17.2.32630.192
MinimumVisualStudioVersion = 10.0.40219.1
Project("{FAE04EC0-301F-11D3-BF4B-00C04F79EFBC}") = "fibonaccroata", "fibonaccroata\fibonaccroata.csproj", "{80A6AA83-90B4-4996-A7E0-60BB119C3BDB}"
EndProject
Global
	GlobalSection(SolutionConfigurationPlatforms) = preSolution
		Debug|Any CPU = Debug|Any CPU
		Release|Any CPU = Release|Any CPU
	EndGlobalSection
	GlobalSection(ProjectConfigurationPlatforms) = postSolution
		{80A6AA83-90B4-4996-A7E0-60BB119C3BDB}.Debug|Any CPU.ActiveCfg = Debug|Any CPU
		{80A6AA83-90B4-4996-A7E0-60BB119C3BDB}.Debug|Any CPU.Build.0 = Debug|Any CPU
		{80A6AA83-90B4-4996-A7E0-60BB119C3BDB}.Release|Any CPU.ActiveCfg = Release|Any CPU
		{80A6AA83-90B4-4996-A7E0-60BB119C3BDB}.Release|Any CPU.Build.0 = Release|Any CPU
	EndGlobalSection
	GlobalSection(SolutionProperties) = preSolution
		HideSolutionNode = FALSE
	EndGlobalSection
	GlobalSection(ExtensibilityGlobals) = postSolution
		SolutionGuid = {A0FB30FD-3E1C-43FE-906F-2973826F2CC4}
	EndGlobalSection
EndGlobal
